
Microsoft Visual Studio Solution File, Format Version 12.00
# Visual Studio Version 17
VisualStudioVersion = 17.4.33213.308
MinimumVisualStudioVersion = 10.0.40219.1
Project("{FAE04EC0-301F-11D3-BF4B-00C04F79EFBC}") = "PracticeAngularNet6APIB01", "PracticeAngularNet6APIB01\PracticeAngularNet6APIB01.csproj", "{A5AFFABF-6754-4C8E-BFB3-39EEC198FC04}"
EndProject
Global
	GlobalSection(SolutionConfigurationPlatforms) = preSolution
		Debug|Any CPU = Debug|Any CPU
		Release|Any CPU = Release|Any CPU
	EndGlobalSection
	GlobalSection(ProjectConfigurationPlatforms) = postSolution
		{A5AFFABF-6754-4C8E-BFB3-39EEC198FC04}.Debug|Any CPU.ActiveCfg = Debug|Any CPU
		{A5AFFABF-6754-4C8E-BFB3-39EEC198FC04}.Debug|Any CPU.Build.0 = Debug|Any CPU
		{A5AFFABF-6754-4C8E-BFB3-39EEC198FC04}.Release|Any CPU.ActiveCfg = Release|Any CPU
		{A5AFFABF-6754-4C8E-BFB3-39EEC198FC04}.Release|Any CPU.Build.0 = Release|Any CPU
	EndGlobalSection
	GlobalSection(SolutionProperties) = preSolution
		HideSolutionNode = FALSE
	EndGlobalSection
	GlobalSection(ExtensibilityGlobals) = postSolution
		SolutionGuid = {994520C8-2E08-43D0-9CAA-8A12150024CF}
	EndGlobalSection
EndGlobal
